
Microsoft Visual Studio Solution File, Format Version 12.00
# Visual Studio Version 17
VisualStudioVersion = 17.0.32112.339
MinimumVisualStudioVersion = 10.0.40219.1
Project("{FAE04EC0-301F-11D3-BF4B-00C04F79EFBC}") = "Task_6", "Task_6.csproj", "{DE387BD7-B32C-43CE-9FEB-9925E8D52E54}"
EndProject
Global
	GlobalSection(SolutionConfigurationPlatforms) = preSolution
		Debug|Any CPU = Debug|Any CPU
		Release|Any CPU = Release|Any CPU
	EndGlobalSection
	GlobalSection(ProjectConfigurationPlatforms) = postSolution
		{DE387BD7-B32C-43CE-9FEB-9925E8D52E54}.Debug|Any CPU.ActiveCfg = Debug|Any CPU
		{DE387BD7-B32C-43CE-9FEB-9925E8D52E54}.Debug|Any CPU.Build.0 = Debug|Any CPU
		{DE387BD7-B32C-43CE-9FEB-9925E8D52E54}.Release|Any CPU.ActiveCfg = Release|Any CPU
		{DE387BD7-B32C-43CE-9FEB-9925E8D52E54}.Release|Any CPU.Build.0 = Release|Any CPU
	EndGlobalSection
	GlobalSection(SolutionProperties) = preSolution
		HideSolutionNode = FALSE
	EndGlobalSection
	GlobalSection(ExtensibilityGlobals) = postSolution
		SolutionGuid = {DDB065CF-34EA-4128-977F-07D7D3FCED26}
	EndGlobalSection
EndGlobal
